{
  "requires": true,
  "lockfileVersion": 1,
  "dependencies": {
    "typeface-fira-sans": {
      "version": "0.0.35",
      "resolved": "https://registry.npmjs.org/typeface-fira-sans/-/typeface-fira-sans-0.0.35.tgz",
      "integrity": "sha512-WOr71H1KPGUg32B01/mdNboNWMqHxFeDqEwJpqb8P3ShgwjbMU/CaTtGwFr+tCrXDGU/nzVnt+5GQY0B3Y1ePg=="
    }
  }
}
