# THIS IS AN AUTOGENERATED FILE. DO NOT EDIT THIS FILE DIRECTLY.
# yarn lockfile v1


jquery@>=1.7.2:
  version "3.2.1"
  resolved "https://registry.yarnpkg.com/jquery/-/jquery-3.2.1.tgz#5c4d9de652af6cd0a770154a631bba12b015c787"

slick-carousel@^1.6.0:
  version "1.6.0"
  resolved "https://registry.yarnpkg.com/slick-carousel/-/slick-carousel-1.6.0.tgz#780f378e470f4e6f6bec1aa2bae0475f4f9eb085"
  dependencies:
    jquery ">=1.7.2"
